<?xml version="1.0" encoding="UTF-8" standalone="yes" ?>
<CodeBlocks_project_file>
	<FileVersion major="1" minor="6" />
	<Project>
		<Option title="api_athena" />
		<Option pch_mode="2" />
		<Option compiler="gcc" />
		<Build>
			<Target title="Debug">
				<Option output="bin/Debug/api_athena" prefix_auto="1" extension_auto="1" />
				<Option object_output="obj/Debug/" />
				<Option type="1" />
				<Option compiler="gcc" />
				<Compiler>
					<Add option="-std=c++11" />
					<Add option="-g" />
					<Add directory="/tools/include" />
					<Add directory="src/common" />
				</Compiler>
				<Linker>
					<Add option="-lpthread -pthread" />
					<Add library="/tools/lib/libboost_log.a" />
					<Add library="/tools/lib/libboost_log_setup.a" />
					<Add library="/tools/lib/libboost_system.a" />
					<Add library="/tools/lib/libboost_thread.a" />
				</Linker>
			</Target>
			<Target title="Release">
				<Option output="bin/Release/api_athena" prefix_auto="1" extension_auto="1" />
				<Option object_output="obj/Release/" />
				<Option type="1" />
				<Option compiler="gcc" />
				<Compiler>
					<Add option="-O2" />
				</Compiler>
				<Linker>
					<Add option="-s" />
				</Linker>
			</Target>
		</Build>
		<Compiler>
			<Add option="-Wall" />
			<Add option="-fexceptions" />
		</Compiler>
		<Unit filename="main.cpp" />
		<Unit filename="src/common/basics/log.cpp" />
		<Unit filename="src/common/basics/log.h" />
		<Unit filename="src/common/basics/types.h" />
		<Unit filename="src/common/basics/utils.cpp" />
		<Unit filename="src/common/basics/utils.h" />
		<Unit filename="src/common/messenger/msg.h" />
		<Unit filename="src/common/messenger/sockutils.cpp" />
		<Unit filename="src/common/messenger/sockutils.h" />
		<Extensions>
			<envvars />
			<code_completion />
			<lib_finder disable_auto="1" />
			<debugger />
		</Extensions>
	</Project>
</CodeBlocks_project_file>
