<?xml version="1.0" encoding="UTF-8" standalone="yes" ?>
<CodeBlocks_project_file>
	<FileVersion major="1" minor="6" />
	<Project>
		<Option title="api_athena" />
		<Option pch_mode="2" />
		<Option compiler="gcc" />
		<Build>
			<Target title="Release">
				<Option output="release/bin/api_athena" prefix_auto="1" extension_auto="1" />
				<Option object_output="obj/Release/" />
				<Option type="1" />
				<Option compiler="gcc" />
				<Compiler>
					<Add option="-O2" />
				</Compiler>
				<Linker>
					<Add option="-s" />
				</Linker>
			</Target>
			<Target title="api_server">
				<Option output="release/bin/api_server" prefix_auto="1" extension_auto="1" />
				<Option type="0" />
				<Option compiler="gcc" />
			</Target>
			<Target title="test_server">
				<Option output="release/bin/test_server" prefix_auto="1" extension_auto="1" />
				<Option type="0" />
				<Option compiler="gcc" />
			</Target>
		</Build>
		<VirtualTargets>
			<Add alias="all" targets="Release;api_server;test_server;" />
		</VirtualTargets>
		<Compiler>
			<Add option="-Wall" />
			<Add option="-std=c++0x" />
			<Add option="-fexceptions" />
			<Add directory="src/apiclient" />
			<Add directory="src/apiserver" />
			<Add directory="src/c_api" />
			<Add directory="src/common" />
			<Add directory="src/modules" />
			<Add directory="/tools/include" />
			<Add directory="/tools/lib/python2.7/site-packages/numpy/core/include" />
			<Add directory="/tools/include/python2.7" />
		</Compiler>
		<Linker>
			<Add option="-O2" />
			<Add option="-L/tools/lib" />
			<Add option="-Wl,-Bstatic" />
			<Add option="-lboost_log_setup" />
			<Add option="-lboost_log" />
			<Add option="-lboost_thread" />
			<Add option="-lboost_system" />
			<Add option="-lboost_filesystem" />
			<Add option="-Wl,-Bdynamic" />
			<Add option="-lpython2.7" />
			<Add option="-lpthread" />
		</Linker>
		<Unit filename="main.cpp">
			<Option target="Release" />
		</Unit>
		<Unit filename="src/apiclient/client_apps/client_base_app/client_base_app.cpp" />
		<Unit filename="src/apiclient/client_apps/client_base_app/client_base_app.h" />
		<Unit filename="src/apiclient/client_apps/client_predictor/client_predictor.cpp" />
		<Unit filename="src/apiclient/client_apps/client_predictor/client_predictor.h" />
		<Unit filename="src/apiserver/main/main.cpp">
			<Option target="api_server" />
		</Unit>
		<Unit filename="src/apiserver/server_apps/create_svr_app.cpp" />
		<Unit filename="src/apiserver/server_apps/create_svr_app.h" />
		<Unit filename="src/apiserver/server_apps/server_base_app/server_base_app.cpp" />
		<Unit filename="src/apiserver/server_apps/server_base_app/server_base_app.h" />
		<Unit filename="src/apiserver/server_apps/server_predictor/fx_action.h" />
		<Unit filename="src/apiserver/server_apps/server_predictor/server_predictor.cpp" />
		<Unit filename="src/apiserver/server_apps/server_predictor/server_predictor.h" />
		<Unit filename="src/apiserver/test_server/main.cpp">
			<Option target="test_server" />
		</Unit>
		<Unit filename="src/c_api/athena_c_api.cpp" />
		<Unit filename="src/c_api/athena_c_api.h" />
		<Unit filename="src/common/app_base/app_base.h" />
		<Unit filename="src/common/basics/log.cpp" />
		<Unit filename="src/common/basics/log.h" />
		<Unit filename="src/common/basics/mtqueue.h" />
		<Unit filename="src/common/basics/types.h" />
		<Unit filename="src/common/basics/utils.cpp" />
		<Unit filename="src/common/basics/utils.h" />
		<Unit filename="src/common/messenger/messenger.cpp" />
		<Unit filename="src/common/messenger/messenger.h" />
		<Unit filename="src/common/messenger/msg.h" />
		<Unit filename="src/common/messenger/sockutils.cpp" />
		<Unit filename="src/common/messenger/sockutils.h" />
		<Unit filename="src/common/pyhelper.hpp" />
		<Unit filename="src/modules/predictor/prdmsg.h">
			<Option target="Release" />
			<Option target="api_server" />
		</Unit>
		<Unit filename="src/modules/predictor/prdtypes.h" />
		<Extensions>
			<envvars />
			<code_completion />
			<lib_finder disable_auto="1" />
			<debugger />
		</Extensions>
	</Project>
</CodeBlocks_project_file>
